{
  "originHash" : "0a2406ae8f8b556f9ece576930ed3d201332def6a9d488f3d5f9c6469dce7598",
  "pins" : [
    {
      "identity" : "dlkit",
      "kind" : "remoteSourceControl",
      "location" : "https://github.com/johnno1962/DLKit",
      "state" : {
        "revision" : "f12cebd9b0a39962b6b3f94b7b4946c903da0027",
        "version" : "3.4.6"
      }
    },
    {
      "identity" : "fishhook",
      "kind" : "remoteSourceControl",
      "location" : "https://github.com/johnno1962/fishhook",
      "state" : {
        "revision" : "2506520d827ff3f8b5fec800797e10f9b6ef92f5",
        "version" : "1.2.1"
      }
    },
    {
      "identity" : "hotreloading",
      "kind" : "remoteSourceControl",
      "location" : "https://github.com/johnno1962/HotReloading.git",
      "state" : {
        "revision" : "131235c89fe16709db169c324a53e30f6ddb71c4",
        "version" : "5.0.8"
      }
    },
    {
      "identity" : "inject",
      "kind" : "remoteSourceControl",
      "location" : "https://github.com/krzysztofzablocki/Inject.git",
      "state" : {
        "revision" : "728c56639ecb3df441d51d5bc6747329afabcfc9",
        "version" : "1.5.2"
      }
    },
    {
      "identity" : "profileswiftui",
      "kind" : "remoteSourceControl",
      "location" : "https://github.com/johnno1962/ProfileSwiftUI",
      "state" : {
        "revision" : "813bd75cc58be6aa993707c22262fb8f22d112d4",
        "version" : "1.1.3"
      }
    },
    {
      "identity" : "remote",
      "kind" : "remoteSourceControl",
      "location" : "https://github.com/johnno1962/Remote",
      "state" : {
        "revision" : "2a03313297a15f31b354dbf2b40c62ca9630b0a1",
        "version" : "2.3.5"
      }
    },
    {
      "identity" : "swiftregex5",
      "kind" : "remoteSourceControl",
      "location" : "https://github.com/johnno1962/SwiftRegex5",
      "state" : {
        "revision" : "9bf1537b1f902130bcef9aaec2ca4284afa933a6",
        "version" : "6.1.2"
      }
    },
    {
      "identity" : "swifttrace",
      "kind" : "remoteSourceControl",
      "location" : "https://github.com/johnno1962/SwiftTrace",
      "state" : {
        "revision" : "589f37149d5b32cbdd44c70809df23b4f4fa0260",
        "version" : "8.6.1"
      }
    },
    {
      "identity" : "xprobeplugin",
      "kind" : "remoteSourceControl",
      "location" : "https://github.com/johnno1962/XprobePlugin",
      "state" : {
        "revision" : "3589deb3b42e12294e8a37b251aaa0b0e463483c",
        "version" : "2.9.9"
      }
    }
  ],
  "version" : 3
}
